// !$*UTF8*$!
{
	archiveVersion = 1;
	classes = {
	};
	objectVersion = 46;
	objects = {

/* Begin PBXBuildFile section */
		938710171C3FB74F00760F1C /* main.m in Sources */ = {isa = PBXBuildFile; fileRef = 938710161C3FB74F00760F1C /* main.m */; };
		9387101A1C3FB74F00760F1C /* AppDelegate.m in Sources */ = {isa = PBXBuildFile; fileRef = 938710191C3FB74F00760F1C /* AppDelegate.m */; };
		9387101D1C3FB74F00760F1C /* ViewController.m in Sources */ = {isa = PBXBuildFile; fileRef = 9387101C1C3FB74F00760F1C /* ViewController.m */; };
		938710201C3FB74F00760F1C /* Main.storyboard in Resources */ = {isa = PBXBuildFile; fileRef = 9387101E1C3FB74F00760F1C /* Main.storyboard */; };
		938710221C3FB74F00760F1C /* Assets.xcassets in Resources */ = {isa = PBXBuildFile; fileRef = 938710211C3FB74F00760F1C /* Assets.xcassets */; };
		938710251C3FB74F00760F1C /* LaunchScreen.storyboard in Resources */ = {isa = PBXBuildFile; fileRef = 938710231C3FB74F00760F1C /* LaunchScreen.storyboard */; };
		938710301C3FB74F00760F1C /* TestDownloadTests.m in Sources */ = {isa = PBXBuildFile; fileRef = 9387102F1C3FB74F00760F1C /* TestDownloadTests.m */; };
		9387103B1C3FB74F00760F1C /* TestDownloadUITests.m in Sources */ = {isa = PBXBuildFile; fileRef = 9387103A1C3FB74F00760F1C /* TestDownloadUITests.m */; };
/* End PBXBuildFile section */

/* Begin PBXContainerItemProxy section */
		9387102C1C3FB74F00760F1C /* PBXContainerItemProxy */ = {
			isa = PBXContainerItemProxy;
			containerPortal = 9387100A1C3FB74F00760F1C /* Project object */;
			proxyType = 1;
			remoteGlobalIDString = 938710111C3FB74F00760F1C;
			remoteInfo = TestDownload;
		};
		938710371C3FB74F00760F1C /* PBXContainerItemProxy */ = {
			isa = PBXContainerItemProxy;
			containerPortal = 9387100A1C3FB74F00760F1C /* Project object */;
			proxyType = 1;
			remoteGlobalIDString = 938710111C3FB74F00760F1C;
			remoteInfo = TestDownload;
		};
/* End PBXContainerItemProxy section */

/* Begin PBXFileReference section */
		938710121C3FB74F00760F1C /* TestDownload.app */ = {isa = PBXFileReference; explicitFileType = wrapper.application; includeInIndex = 0; path = TestDownload.app; sourceTree = BUILT_PRODUCTS_DIR; };
		938710161C3FB74F00760F1C /* main.m */ = {isa = PBXFileReference; lastKnownFileType = sourcecode.c.objc; path = main.m; sourceTree = "<group>"; };
		938710181C3FB74F00760F1C /* AppDelegate.h */ = {isa = PBXFileReference; lastKnownFileType = sourcecode.c.h; path = AppDelegate.h; sourceTree = "<group>"; };
		938710191C3FB74F00760F1C /* AppDelegate.m */ = {isa = PBXFileReference; lastKnownFileType = sourcecode.c.objc; path = AppDelegate.m; sourceTree = "<group>"; };
		9387101B1C3FB74F00760F1C /* ViewController.h */ = {isa = PBXFileReference; lastKnownFileType = sourcecode.c.h; path = ViewController.h; sourceTree = "<group>"; };
		9387101C1C3FB74F00760F1C /* ViewController.m */ = {isa = PBXFileReference; lastKnownFileType = sourcecode.c.objc; path = ViewController.m; sourceTree = "<group>"; };
		9387101F1C3FB74F00760F1C /* Base */ = {isa = PBXFileReference; lastKnownFileType = file.storyboard; name = Base; path = Base.lproj/Main.storyboard; sourceTree = "<group>"; };
		938710211C3FB74F00760F1C /* Assets.xcassets */ = {isa = PBXFileReference; lastKnownFileType = folder.assetcatalog; path = Assets.xcassets; sourceTree = "<group>"; };
		938710241C3FB74F00760F1C /* Base */ = {isa = PBXFileReference; lastKnownFileType = file.storyboard; name = Base; path = Base.lproj/LaunchScreen.storyboard; sourceTree = "<group>"; };
		938710261C3FB74F00760F1C /* Info.plist */ = {isa = PBXFileReference; lastKnownFileType = text.plist.xml; path = Info.plist; sourceTree = "<group>"; };
		9387102B1C3FB74F00760F1C /* TestDownloadTests.xctest */ = {isa = PBXFileReference; explicitFileType = wrapper.cfbundle; includeInIndex = 0; path = TestDownloadTests.xctest; sourceTree = BUILT_PRODUCTS_DIR; };
		9387102F1C3FB74F00760F1C /* TestDownloadTests.m */ = {isa = PBXFileReference; lastKnownFileType = sourcecode.c.objc; path = TestDownloadTests.m; sourceTree = "<group>"; };
		938710311C3FB74F00760F1C /* Info.plist */ = {isa = PBXFileReference; lastKnownFileType = text.plist.xml; path = Info.plist; sourceTree = "<group>"; };
		938710361C3FB74F00760F1C /* TestDownloadUITests.xctest */ = {isa = PBXFileReference; explicitFileType = wrapper.cfbundle; includeInIndex = 0; path = TestDownloadUITests.xctest; sourceTree = BUILT_PRODUCTS_DIR; };
		9387103A1C3FB74F00760F1C /* TestDownloadUITests.m */ = {isa = PBXFileReference; lastKnownFileType = sourcecode.c.objc; path = TestDownloadUITests.m; sourceTree = "<group>"; };
		9387103C1C3FB74F00760F1C /* Info.plist */ = {isa = PBXFileReference; lastKnownFileType = text.plist.xml; path = Info.plist; sourceTree = "<group>"; };
/* End PBXFileReference section */

/* Begin PBXFrameworksBuildPhase section */
		9387100F1C3FB74F00760F1C /* Frameworks */ = {
			isa = PBXFrameworksBuildPhase;
			buildActionMask = 2147483647;
			files = (
			);
			runOnlyForDeploymentPostprocessing = 0;
		};
		938710281C3FB74F00760F1C /* Frameworks */ = {
			isa = PBXFrameworksBuildPhase;
			buildActionMask = 2147483647;
			files = (
			);
			runOnlyForDeploymentPostprocessing = 0;
		};
		938710331C3FB74F00760F1C /* Frameworks */ = {
			isa = PBXFrameworksBuildPhase;
			buildActionMask = 2147483647;
			files = (
			);
			runOnlyForDeploymentPostprocessing = 0;
		};
/* End PBXFrameworksBuildPhase section */

/* Begin PBXGroup section */
		938710091C3FB74F00760F1C = {
			isa = PBXGroup;
			children = (
				938710141C3FB74F00760F1C /* TestDownload */,
				9387102E1C3FB74F00760F1C /* TestDownloadTests */,
				938710391C3FB74F00760F1C /* TestDownloadUITests */,
				938710131C3FB74F00760F1C /* Products */,
			);
			sourceTree = "<group>";
		};
		938710131C3FB74F00760F1C /* Products */ = {
			isa = PBXGroup;
			children = (
				938710121C3FB74F00760F1C /* TestDownload.app */,
				9387102B1C3FB74F00760F1C /* TestDownloadTests.xctest */,
				938710361C3FB74F00760F1C /* TestDownloadUITests.xctest */,
			);
			name = Products;
			sourceTree = "<group>";
		};
		938710141C3FB74F00760F1C /* TestDownload */ = {
			isa = PBXGroup;
			children = (
				938710181C3FB74F00760F1C /* AppDelegate.h */,
				938710191C3FB74F00760F1C /* AppDelegate.m */,
				9387101B1C3FB74F00760F1C /* ViewController.h */,
				9387101C1C3FB74F00760F1C /* ViewController.m */,
				9387101E1C3FB74F00760F1C /* Main.storyboard */,
				938710211C3FB74F00760F1C /* Assets.xcassets */,
				938710231C3FB74F00760F1C /* LaunchScreen.storyboard */,
				938710261C3FB74F00760F1C /* Info.plist */,
				938710151C3FB74F00760F1C /* Supporting Files */,
			);
			path = TestDownload;
			sourceTree = "<group>";
		};
		938710151C3FB74F00760F1C /* Supporting Files */ = {
			isa = PBXGroup;
			children = (
				938710161C3FB74F00760F1C /* main.m */,
			);
			name = "Supporting Files";
			sourceTree = "<group>";
		};
		9387102E1C3FB74F00760F1C /* TestDownloadTests */ = {
			isa = PBXGroup;
			children = (
				9387102F1C3FB74F00760F1C /* TestDownloadTests.m */,
				938710311C3FB74F00760F1C /* Info.plist */,
			);
			path = TestDownloadTests;
			sourceTree = "<group>";
		};
		938710391C3FB74F00760F1C /* TestDownloadUITests */ = {
			isa = PBXGroup;
			children = (
				9387103A1C3FB74F00760F1C /* TestDownloadUITests.m */,
				9387103C1C3FB74F00760F1C /* Info.plist */,
			);
			path = TestDownloadUITests;
			sourceTree = "<group>";
		};
/* End PBXGroup section */

/* Begin PBXNativeTarget section */
		938710111C3FB74F00760F1C /* TestDownload */ = {
			isa = PBXNativeTarget;
			buildConfigurationList = 9387103F1C3FB74F00760F1C /* Build configuration list for PBXNativeTarget "TestDownload" */;
			buildPhases = (
				9387100E1C3FB74F00760F1C /* Sources */,
				9387100F1C3FB74F00760F1C /* Frameworks */,
				938710101C3FB74F00760F1C /* Resources */,
			);
			buildRules = (
			);
			dependencies = (
			);
			name = TestDownload;
			productName = TestDownload;
			productReference = 938710121C3FB74F00760F1C /* TestDownload.app */;
			productType = "com.apple.product-type.application";
		};
		9387102A1C3FB74F00760F1C /* TestDownloadTests */ = {
			isa = PBXNativeTarget;
			buildConfigurationList = 938710421C3FB74F00760F1C /* Build configuration list for PBXNativeTarget "TestDownloadTests" */;
			buildPhases = (
				938710271C3FB74F00760F1C /* Sources */,
				938710281C3FB74F00760F1C /* Frameworks */,
				938710291C3FB74F00760F1C /* Resources */,
			);
			buildRules = (
			);
			dependencies = (
				9387102D1C3FB74F00760F1C /* PBXTargetDependency */,
			);
			name = TestDownloadTests;
			productName = TestDownloadTests;
			productReference = 9387102B1C3FB74F00760F1C /* TestDownloadTests.xctest */;
			productType = "com.apple.product-type.bundle.unit-test";
		};
		938710351C3FB74F00760F1C /* TestDownloadUITests */ = {
			isa = PBXNativeTarget;
			buildConfigurationList = 938710451C3FB74F00760F1C /* Build configuration list for PBXNativeTarget "TestDownloadUITests" */;
			buildPhases = (
				938710321C3FB74F00760F1C /* Sources */,
				938710331C3FB74F00760F1C /* Frameworks */,
				938710341C3FB74F00760F1C /* Resources */,
			);
			buildRules = (
			);
			dependencies = (
				938710381C3FB74F00760F1C /* PBXTargetDependency */,
			);
			name = TestDownloadUITests;
			productName = TestDownloadUITests;
			productReference = 938710361C3FB74F00760F1C /* TestDownloadUITests.xctest */;
			productType = "com.apple.product-type.bundle.ui-testing";
		};
/* End PBXNativeTarget section */

/* Begin PBXProject section */
		9387100A1C3FB74F00760F1C /* Project object */ = {
			isa = PBXProject;
			attributes = {
				LastUpgradeCheck = 0720;
				ORGANIZATIONNAME = "薛焱";
				TargetAttributes = {
					938710111C3FB74F00760F1C = {
						CreatedOnToolsVersion = 7.2;
						DevelopmentTeam = ZQ3C4D99B8;
					};
					9387102A1C3FB74F00760F1C = {
						CreatedOnToolsVersion = 7.2;
						DevelopmentTeam = ZQ3C4D99B8;
						TestTargetID = 938710111C3FB74F00760F1C;
					};
					938710351C3FB74F00760F1C = {
						CreatedOnToolsVersion = 7.2;
						DevelopmentTeam = ZQ3C4D99B8;
						TestTargetID = 938710111C3FB74F00760F1C;
					};
				};
			};
			buildConfigurationList = 9387100D1C3FB74F00760F1C /* Build configuration list for PBXProject "TestDownload" */;
			compatibilityVersion = "Xcode 3.2";
			developmentRegion = English;
			hasScannedForEncodings = 0;
			knownRegions = (
				en,
				Base,
			);
			mainGroup = 938710091C3FB74F00760F1C;
			productRefGroup = 938710131C3FB74F00760F1C /* Products */;
			projectDirPath = "";
			projectRoot = "";
			targets = (
				938710111C3FB74F00760F1C /* TestDownload */,
				9387102A1C3FB74F00760F1C /* TestDownloadTests */,
				938710351C3FB74F00760F1C /* TestDownloadUITests */,
			);
		};
/* End PBXProject section */

/* Begin PBXResourcesBuildPhase section */
		938710101C3FB74F00760F1C /* Resources */ = {
			isa = PBXResourcesBuildPhase;
			buildActionMask = 2147483647;
			files = (
				938710251C3FB74F00760F1C /* LaunchScreen.storyboard in Resources */,
				938710221C3FB74F00760F1C /* Assets.xcassets in Resources */,
				938710201C3FB74F00760F1C /* Main.storyboard in Resources */,
			);
			runOnlyForDeploymentPostprocessing = 0;
		};
		938710291C3FB74F00760F1C /* Resources */ = {
			isa = PBXResourcesBuildPhase;
			buildActionMask = 2147483647;
			files = (
			);
			runOnlyForDeploymentPostprocessing = 0;
		};
		938710341C3FB74F00760F1C /* Resources */ = {
			isa = PBXResourcesBuildPhase;
			buildActionMask = 2147483647;
			files = (
			);
			runOnlyForDeploymentPostprocessing = 0;
		};
/* End PBXResourcesBuildPhase section */

/* Begin PBXSourcesBuildPhase section */
		9387100E1C3FB74F00760F1C /* Sources */ = {
			isa = PBXSourcesBuildPhase;
			buildActionMask = 2147483647;
			files = (
				9387101D1C3FB74F00760F1C /* ViewController.m in Sources */,
				9387101A1C3FB74F00760F1C /* AppDelegate.m in Sources */,
				938710171C3FB74F00760F1C /* main.m in Sources */,
			);
			runOnlyForDeploymentPostprocessing = 0;
		};
		938710271C3FB74F00760F1C /* Sources */ = {
			isa = PBXSourcesBuildPhase;
			buildActionMask = 2147483647;
			files = (
				938710301C3FB74F00760F1C /* TestDownloadTests.m in Sources */,
			);
			runOnlyForDeploymentPostprocessing = 0;
		};
		938710321C3FB74F00760F1C /* Sources */ = {
			isa = PBXSourcesBuildPhase;
			buildActionMask = 2147483647;
			files = (
				9387103B1C3FB74F00760F1C /* TestDownloadUITests.m in Sources */,
			);
			runOnlyForDeploymentPostprocessing = 0;
		};
/* End PBXSourcesBuildPhase section */

/* Begin PBXTargetDependency section */
		9387102D1C3FB74F00760F1C /* PBXTargetDependency */ = {
			isa = PBXTargetDependency;
			target = 938710111C3FB74F00760F1C /* TestDownload */;
			targetProxy = 9387102C1C3FB74F00760F1C /* PBXContainerItemProxy */;
		};
		938710381C3FB74F00760F1C /* PBXTargetDependency */ = {
			isa = PBXTargetDependency;
			target = 938710111C3FB74F00760F1C /* TestDownload */;
			targetProxy = 938710371C3FB74F00760F1C /* PBXContainerItemProxy */;
		};
/* End PBXTargetDependency section */

/* Begin PBXVariantGroup section */
		9387101E1C3FB74F00760F1C /* Main.storyboard */ = {
			isa = PBXVariantGroup;
			children = (
				9387101F1C3FB74F00760F1C /* Base */,
			);
			name = Main.storyboard;
			sourceTree = "<group>";
		};
		938710231C3FB74F00760F1C /* LaunchScreen.storyboard */ = {
			isa = PBXVariantGroup;
			children = (
				938710241C3FB74F00760F1C /* Base */,
			);
			name = LaunchScreen.storyboard;
			sourceTree = "<group>";
		};
/* End PBXVariantGroup section */

/* Begin XCBuildConfiguration section */
		9387103D1C3FB74F00760F1C /* Debug */ = {
			isa = XCBuildConfiguration;
			buildSettings = {
				ALWAYS_SEARCH_USER_PATHS = NO;
				CLANG_CXX_LANGUAGE_STANDARD = "gnu++0x";
				CLANG_CXX_LIBRARY = "libc++";
				CLANG_ENABLE_MODULES = YES;
				CLANG_ENABLE_OBJC_ARC = YES;
				CLANG_WARN_BOOL_CONVERSION = YES;
				CLANG_WARN_CONSTANT_CONVERSION = YES;
				CLANG_WARN_DIRECT_OBJC_ISA_USAGE = YES_ERROR;
				CLANG_WARN_EMPTY_BODY = YES;
				CLANG_WARN_ENUM_CONVERSION = YES;
				CLANG_WARN_INT_CONVERSION = YES;
				CLANG_WARN_OBJC_ROOT_CLASS = YES_ERROR;
				CLANG_WARN_UNREACHABLE_CODE = YES;
				CLANG_WARN__DUPLICATE_METHOD_MATCH = YES;
				"CODE_SIGN_IDENTITY[sdk=iphoneos*]" = "iPhone Developer";
				COPY_PHASE_STRIP = NO;
				DEBUG_INFORMATION_FORMAT = dwarf;
				ENABLE_STRICT_OBJC_MSGSEND = YES;
				ENABLE_TESTABILITY = YES;
				GCC_C_LANGUAGE_STANDARD = gnu99;
				GCC_DYNAMIC_NO_PIC = NO;
				GCC_NO_COMMON_BLOCKS = YES;
				GCC_OPTIMIZATION_LEVEL = 0;
				GCC_PREPROCESSOR_DEFINITIONS = (
					"DEBUG=1",
					"$(inherited)",
				);
				GCC_WARN_64_TO_32_BIT_CONVERSION = YES;
				GCC_WARN_ABOUT_RETURN_TYPE = YES_ERROR;
				GCC_WARN_UNDECLARED_SELECTOR = YES;
				GCC_WARN_UNINITIALIZED_AUTOS = YES_AGGRESSIVE;
				GCC_WARN_UNUSED_FUNCTION = YES;
				GCC_WARN_UNUSED_VARIABLE = YES;
				IPHONEOS_DEPLOYMENT_TARGET = 9.2;
				MTL_ENABLE_DEBUG_INFO = YES;
				ONLY_ACTIVE_ARCH = YES;
				SDKROOT = iphoneos;
				TARGETED_DEVICE_FAMILY = "1,2";
			};
			name = Debug;
		};
		9387103E1C3FB74F00760F1C /* Release */ = {
			isa = XCBuildConfiguration;
			buildSettings = {
				ALWAYS_SEARCH_USER_PATHS = NO;
				CLANG_CXX_LANGUAGE_STANDARD = "gnu++0x";
				CLANG_CXX_LIBRARY = "libc++";
				CLANG_ENABLE_MODULES = YES;
				CLANG_ENABLE_OBJC_ARC = YES;
				CLANG_WARN_BOOL_CONVERSION = YES;
				CLANG_WARN_CONSTANT_CONVERSION = YES;
				CLANG_WARN_DIRECT_OBJC_ISA_USAGE = YES_ERROR;
				CLANG_WARN_EMPTY_BODY = YES;
				CLANG_WARN_ENUM_CONVERSION = YES;
				CLANG_WARN_INT_CONVERSION = YES;
				CLANG_WARN_OBJC_ROOT_CLASS = YES_ERROR;
				CLANG_WARN_UNREACHABLE_CODE = YES;
				CLANG_WARN__DUPLICATE_METHOD_MATCH = YES;
				"CODE_SIGN_IDENTITY[sdk=iphoneos*]" = "iPhone Developer";
				COPY_PHASE_STRIP = NO;
				DEBUG_INFORMATION_FORMAT = "dwarf-with-dsym";
				ENABLE_NS_ASSERTIONS = NO;
				ENABLE_STRICT_OBJC_MSGSEND = YES;
				GCC_C_LANGUAGE_STANDARD = gnu99;
				GCC_NO_COMMON_BLOCKS = YES;
				GCC_WARN_64_TO_32_BIT_CONVERSION = YES;
				GCC_WARN_ABOUT_RETURN_TYPE = YES_ERROR;
				GCC_WARN_UNDECLARED_SELECTOR = YES;
				GCC_WARN_UNINITIALIZED_AUTOS = YES_AGGRESSIVE;
				GCC_WARN_UNUSED_FUNCTION = YES;
				GCC_WARN_UNUSED_VARIABLE = YES;
				IPHONEOS_DEPLOYMENT_TARGET = 9.2;
				MTL_ENABLE_DEBUG_INFO = NO;
				SDKROOT = iphoneos;
				TARGETED_DEVICE_FAMILY = "1,2";
				VALIDATE_PRODUCT = YES;
			};
			name = Release;
		};
		938710401C3FB74F00760F1C /* Debug */ = {
			isa = XCBuildConfiguration;
			buildSettings = {
				ASSETCATALOG_COMPILER_APPICON_NAME = AppIcon;
				INFOPLIST_FILE = TestDownload/Info.plist;
				LD_RUNPATH_SEARCH_PATHS = "$(inherited) @executable_path/Frameworks";
				PRODUCT_BUNDLE_IDENTIFIER = com.cjm.xueyan.TestDownload;
				PRODUCT_NAME = "$(TARGET_NAME)";
			};
			name = Debug;
		};
		938710411C3FB74F00760F1C /* Release */ = {
			isa = XCBuildConfiguration;
			buildSettings = {
				ASSETCATALOG_COMPILER_APPICON_NAME = AppIcon;
				INFOPLIST_FILE = TestDownload/Info.plist;
				LD_RUNPATH_SEARCH_PATHS = "$(inherited) @executable_path/Frameworks";
				PRODUCT_BUNDLE_IDENTIFIER = com.cjm.xueyan.TestDownload;
				PRODUCT_NAME = "$(TARGET_NAME)";
			};
			name = Release;
		};
		938710431C3FB74F00760F1C /* Debug */ = {
			isa = XCBuildConfiguration;
			buildSettings = {
				BUNDLE_LOADER = "$(TEST_HOST)";
				INFOPLIST_FILE = TestDownloadTests/Info.plist;
				LD_RUNPATH_SEARCH_PATHS = "$(inherited) @executable_path/Frameworks @loader_path/Frameworks";
				PRODUCT_BUNDLE_IDENTIFIER = com.cjm.xueyan.TestDownloadTests;
				PRODUCT_NAME = "$(TARGET_NAME)";
				TEST_HOST = "$(BUILT_PRODUCTS_DIR)/TestDownload.app/TestDownload";
			};
			name = Debug;
		};
		938710441C3FB74F00760F1C /* Release */ = {
			isa = XCBuildConfiguration;
			buildSettings = {
				BUNDLE_LOADER = "$(TEST_HOST)";
				INFOPLIST_FILE = TestDownloadTests/Info.plist;
				LD_RUNPATH_SEARCH_PATHS = "$(inherited) @executable_path/Frameworks @loader_path/Frameworks";
				PRODUCT_BUNDLE_IDENTIFIER = com.cjm.xueyan.TestDownloadTests;
				PRODUCT_NAME = "$(TARGET_NAME)";
				TEST_HOST = "$(BUILT_PRODUCTS_DIR)/TestDownload.app/TestDownload";
			};
			name = Release;
		};
		938710461C3FB74F00760F1C /* Debug */ = {
			isa = XCBuildConfiguration;
			buildSettings = {
				INFOPLIST_FILE = TestDownloadUITests/Info.plist;
				LD_RUNPATH_SEARCH_PATHS = "$(inherited) @executable_path/Frameworks @loader_path/Frameworks";
				PRODUCT_BUNDLE_IDENTIFIER = com.cjm.xueyan.TestDownloadUITests;
				PRODUCT_NAME = "$(TARGET_NAME)";
				TEST_TARGET_NAME = TestDownload;
				USES_XCTRUNNER = YES;
			};
			name = Debug;
		};
		938710471C3FB74F00760F1C /* Release */ = {
			isa = XCBuildConfiguration;
			buildSettings = {
				INFOPLIST_FILE = TestDownloadUITests/Info.plist;
				LD_RUNPATH_SEARCH_PATHS = "$(inherited) @executable_path/Frameworks @loader_path/Frameworks";
				PRODUCT_BUNDLE_IDENTIFIER = com.cjm.xueyan.TestDownloadUITests;
				PRODUCT_NAME = "$(TARGET_NAME)";
				TEST_TARGET_NAME = TestDownload;
				USES_XCTRUNNER = YES;
			};
			name = Release;
		};
/* End XCBuildConfiguration section */

/* Begin XCConfigurationList section */
		9387100D1C3FB74F00760F1C /* Build configuration list for PBXProject "TestDownload" */ = {
			isa = XCConfigurationList;
			buildConfigurations = (
				9387103D1C3FB74F00760F1C /* Debug */,
				9387103E1C3FB74F00760F1C /* Release */,
			);
			defaultConfigurationIsVisible = 0;
			defaultConfigurationName = Release;
		};
		9387103F1C3FB74F00760F1C /* Build configuration list for PBXNativeTarget "TestDownload" */ = {
			isa = XCConfigurationList;
			buildConfigurations = (
				938710401C3FB74F00760F1C /* Debug */,
				938710411C3FB74F00760F1C /* Release */,
			);
			defaultConfigurationIsVisible = 0;
		};
		938710421C3FB74F00760F1C /* Build configuration list for PBXNativeTarget "TestDownloadTests" */ = {
			isa = XCConfigurationList;
			buildConfigurations = (
				938710431C3FB74F00760F1C /* Debug */,
				938710441C3FB74F00760F1C /* Release */,
			);
			defaultConfigurationIsVisible = 0;
		};
		938710451C3FB74F00760F1C /* Build configuration list for PBXNativeTarget "TestDownloadUITests" */ = {
			isa = XCConfigurationList;
			buildConfigurations = (
				938710461C3FB74F00760F1C /* Debug */,
				938710471C3FB74F00760F1C /* Release */,
			);
			defaultConfigurationIsVisible = 0;
		};
/* End XCConfigurationList section */
	};
	rootObject = 9387100A1C3FB74F00760F1C /* Project object */;
}
